
Microsoft Visual Studio Solution File, Format Version 12.00
# Visual Studio Version 16
VisualStudioVersion = 16.0.29609.76
MinimumVisualStudioVersion = 10.0.40219.1
Project("{FAE04EC0-301F-11D3-BF4B-00C04F79EFBC}") = "PracticeLinqEfCore", "PracticeLinqEfCore.csproj", "{AB311E60-CEF6-4286-8DAC-BAFF3E77F878}"
EndProject
Global
	GlobalSection(SolutionConfigurationPlatforms) = preSolution
		Debug|Any CPU = Debug|Any CPU
		Release|Any CPU = Release|Any CPU
	EndGlobalSection
	GlobalSection(ProjectConfigurationPlatforms) = postSolution
		{AB311E60-CEF6-4286-8DAC-BAFF3E77F878}.Debug|Any CPU.ActiveCfg = Debug|Any CPU
		{AB311E60-CEF6-4286-8DAC-BAFF3E77F878}.Debug|Any CPU.Build.0 = Debug|Any CPU
		{AB311E60-CEF6-4286-8DAC-BAFF3E77F878}.Release|Any CPU.ActiveCfg = Release|Any CPU
		{AB311E60-CEF6-4286-8DAC-BAFF3E77F878}.Release|Any CPU.Build.0 = Release|Any CPU
	EndGlobalSection
	GlobalSection(SolutionProperties) = preSolution
		HideSolutionNode = FALSE
	EndGlobalSection
	GlobalSection(ExtensibilityGlobals) = postSolution
		SolutionGuid = {02477B02-2C68-4326-9DDD-EC0EDFFECD7D}
	EndGlobalSection
EndGlobal
